
Microsoft Visual Studio Solution File, Format Version 12.00
# Visual Studio Version 16
VisualStudioVersion = 16.0.30611.23
MinimumVisualStudioVersion = 10.0.40219.1
Project("{9A19103F-16F7-4668-BE54-9A1E7A4F7556}") = "FlashElf.ChaosKit", "FlashElf.ChaosKit\FlashElf.ChaosKit.csproj", "{BAC1097C-48D8-492A-AD08-7358035F201A}"
EndProject
Project("{9A19103F-16F7-4668-BE54-9A1E7A4F7556}") = "ChaosSiteSample", "ChaosSite\ChaosSiteSample.csproj", "{F2357125-7246-458D-A46E-AA7ABA02D22F}"
EndProject
Project("{FAE04EC0-301F-11D3-BF4B-00C04F79EFBC}") = "FlashElf.ChaosKit.Autofac", "FlashElf.ChaosKit.Autofac\FlashElf.ChaosKit.Autofac.csproj", "{F298F4C1-1CF5-4675-B809-D31BBC63CC22}"
EndProject
Project("{FAE04EC0-301F-11D3-BF4B-00C04F79EFBC}") = "ChaosAspNetSiteSample", "ChaosAspNetSiteSample\ChaosAspNetSiteSample.csproj", "{D0E480AE-65F3-45D4-93AE-50A6BC8A32C7}"
EndProject
Global
	GlobalSection(SolutionConfigurationPlatforms) = preSolution
		Debug|Any CPU = Debug|Any CPU
		Release|Any CPU = Release|Any CPU
	EndGlobalSection
	GlobalSection(ProjectConfigurationPlatforms) = postSolution
		{BAC1097C-48D8-492A-AD08-7358035F201A}.Debug|Any CPU.ActiveCfg = Debug|Any CPU
		{BAC1097C-48D8-492A-AD08-7358035F201A}.Debug|Any CPU.Build.0 = Debug|Any CPU
		{BAC1097C-48D8-492A-AD08-7358035F201A}.Release|Any CPU.ActiveCfg = Release|Any CPU
		{BAC1097C-48D8-492A-AD08-7358035F201A}.Release|Any CPU.Build.0 = Release|Any CPU
		{F2357125-7246-458D-A46E-AA7ABA02D22F}.Debug|Any CPU.ActiveCfg = Debug|Any CPU
		{F2357125-7246-458D-A46E-AA7ABA02D22F}.Debug|Any CPU.Build.0 = Debug|Any CPU
		{F2357125-7246-458D-A46E-AA7ABA02D22F}.Release|Any CPU.ActiveCfg = Release|Any CPU
		{F2357125-7246-458D-A46E-AA7ABA02D22F}.Release|Any CPU.Build.0 = Release|Any CPU
		{F298F4C1-1CF5-4675-B809-D31BBC63CC22}.Debug|Any CPU.ActiveCfg = Debug|Any CPU
		{F298F4C1-1CF5-4675-B809-D31BBC63CC22}.Debug|Any CPU.Build.0 = Debug|Any CPU
		{F298F4C1-1CF5-4675-B809-D31BBC63CC22}.Release|Any CPU.ActiveCfg = Release|Any CPU
		{F298F4C1-1CF5-4675-B809-D31BBC63CC22}.Release|Any CPU.Build.0 = Release|Any CPU
		{D0E480AE-65F3-45D4-93AE-50A6BC8A32C7}.Debug|Any CPU.ActiveCfg = Debug|Any CPU
		{D0E480AE-65F3-45D4-93AE-50A6BC8A32C7}.Debug|Any CPU.Build.0 = Debug|Any CPU
		{D0E480AE-65F3-45D4-93AE-50A6BC8A32C7}.Release|Any CPU.ActiveCfg = Release|Any CPU
		{D0E480AE-65F3-45D4-93AE-50A6BC8A32C7}.Release|Any CPU.Build.0 = Release|Any CPU
	EndGlobalSection
	GlobalSection(SolutionProperties) = preSolution
		HideSolutionNode = FALSE
	EndGlobalSection
	GlobalSection(ExtensibilityGlobals) = postSolution
		SolutionGuid = {D2D8B816-0A67-4CAF-A3AE-E0EC2706F59A}
	EndGlobalSection
EndGlobal
